// !$*UTF8*$!
{
	archiveVersion = 1;
	classes = {
	};
	objectVersion = 46;
	objects = {

/* Begin PBXBuildFile section */
		B10DB0AD18E477A500CAA263 /* main.h in Headers */ = {isa = PBXBuildFile; fileRef = B10DB0AC18E477A500CAA263 /* main.h */; };
		B141CDA718E35B77001C7676 /* main.c in Sources */ = {isa = PBXBuildFile; fileRef = B141CDA618E35B77001C7676 /* main.c */; };
/* End PBXBuildFile section */

/* Begin PBXContainerItemProxy section */
		B10DB0A618E4741D00CAA263 /* PBXContainerItemProxy */ = {
			isa = PBXContainerItemProxy;
			containerPortal = B10DB0A118E4741C00CAA263 /* LibTest.xcodeproj */;
			proxyType = 2;
			remoteGlobalIDString = B10DB06A18E4741C00CAA263;
			remoteInfo = LibTest;
		};
		B10DB0A818E4741D00CAA263 /* PBXContainerItemProxy */ = {
			isa = PBXContainerItemProxy;
			containerPortal = B10DB0A118E4741C00CAA263 /* LibTest.xcodeproj */;
			proxyType = 2;
			remoteGlobalIDString = B10DB08B18E4741C00CAA263;
			remoteInfo = LibTestTests;
		};
/* End PBXContainerItemProxy section */

/* Begin PBXFileReference section */
		B10DB0A118E4741C00CAA263 /* LibTest.xcodeproj */ = {isa = PBXFileReference; lastKnownFileType = "wrapper.pb-project"; name = LibTest.xcodeproj; path = LibTest/LibTest.xcodeproj; sourceTree = "<group>"; };
		B10DB0AC18E477A500CAA263 /* main.h */ = {isa = PBXFileReference; fileEncoding = 4; lastKnownFileType = sourcecode.c.h; path = main.h; sourceTree = "<group>"; };
		B141CD9F18E35AB3001C7676 /* libprocessmemoryapi.dylib */ = {isa = PBXFileReference; explicitFileType = "compiled.mach-o.dylib"; includeInIndex = 0; path = libprocessmemoryapi.dylib; sourceTree = BUILT_PRODUCTS_DIR; };
		B141CDA618E35B77001C7676 /* main.c */ = {isa = PBXFileReference; fileEncoding = 4; lastKnownFileType = sourcecode.c.c; path = main.c; sourceTree = "<group>"; };
/* End PBXFileReference section */

/* Begin PBXFrameworksBuildPhase section */
		B141CD9C18E35AB3001C7676 /* Frameworks */ = {
			isa = PBXFrameworksBuildPhase;
			buildActionMask = 2147483647;
			files = (
			);
			runOnlyForDeploymentPostprocessing = 0;
		};
/* End PBXFrameworksBuildPhase section */

/* Begin PBXGroup section */
		B10DB0A218E4741C00CAA263 /* Products */ = {
			isa = PBXGroup;
			children = (
				B10DB0A718E4741D00CAA263 /* LibTest.app */,
				B10DB0A918E4741D00CAA263 /* LibTestTests.xctest */,
			);
			name = Products;
			sourceTree = "<group>";
		};
		B141CD9618E35AB3001C7676 = {
			isa = PBXGroup;
			children = (
				B10DB0A118E4741C00CAA263 /* LibTest.xcodeproj */,
				B10DB0AC18E477A500CAA263 /* main.h */,
				B141CDA618E35B77001C7676 /* main.c */,
				B141CDA018E35AB3001C7676 /* Products */,
			);
			sourceTree = "<group>";
		};
		B141CDA018E35AB3001C7676 /* Products */ = {
			isa = PBXGroup;
			children = (
				B141CD9F18E35AB3001C7676 /* libprocessmemoryapi.dylib */,
			);
			name = Products;
			sourceTree = "<group>";
		};
/* End PBXGroup section */

/* Begin PBXHeadersBuildPhase section */
		B141CD9D18E35AB3001C7676 /* Headers */ = {
			isa = PBXHeadersBuildPhase;
			buildActionMask = 2147483647;
			files = (
				B10DB0AD18E477A500CAA263 /* main.h in Headers */,
			);
			runOnlyForDeploymentPostprocessing = 0;
		};
/* End PBXHeadersBuildPhase section */

/* Begin PBXNativeTarget section */
		B141CD9E18E35AB3001C7676 /* processmemoryapi */ = {
			isa = PBXNativeTarget;
			buildConfigurationList = B141CDA318E35AB3001C7676 /* Build configuration list for PBXNativeTarget "processmemoryapi" */;
			buildPhases = (
				B141CD9B18E35AB3001C7676 /* Sources */,
				B141CD9C18E35AB3001C7676 /* Frameworks */,
				B141CD9D18E35AB3001C7676 /* Headers */,
			);
			buildRules = (
			);
			dependencies = (
			);
			name = processmemoryapi;
			productName = processmemoryapi;
			productReference = B141CD9F18E35AB3001C7676 /* libprocessmemoryapi.dylib */;
			productType = "com.apple.product-type.library.dynamic";
		};
/* End PBXNativeTarget section */

/* Begin PBXProject section */
		B141CD9718E35AB3001C7676 /* Project object */ = {
			isa = PBXProject;
			attributes = {
				LastUpgradeCheck = 0810;
				ORGANIZATIONNAME = "___THANOSSIOPOUDIS___";
			};
			buildConfigurationList = B141CD9A18E35AB3001C7676 /* Build configuration list for PBXProject "processmemoryapi" */;
			compatibilityVersion = "Xcode 3.2";
			developmentRegion = English;
			hasScannedForEncodings = 0;
			knownRegions = (
				en,
			);
			mainGroup = B141CD9618E35AB3001C7676;
			productRefGroup = B141CDA018E35AB3001C7676 /* Products */;
			projectDirPath = "";
			projectReferences = (
				{
					ProductGroup = B10DB0A218E4741C00CAA263 /* Products */;
					ProjectRef = B10DB0A118E4741C00CAA263 /* LibTest.xcodeproj */;
				},
			);
			projectRoot = "";
			targets = (
				B141CD9E18E35AB3001C7676 /* processmemoryapi */,
			);
		};
/* End PBXProject section */

/* Begin PBXReferenceProxy section */
		B10DB0A718E4741D00CAA263 /* LibTest.app */ = {
			isa = PBXReferenceProxy;
			fileType = wrapper.application;
			path = LibTest.app;
			remoteRef = B10DB0A618E4741D00CAA263 /* PBXContainerItemProxy */;
			sourceTree = BUILT_PRODUCTS_DIR;
		};
		B10DB0A918E4741D00CAA263 /* LibTestTests.xctest */ = {
			isa = PBXReferenceProxy;
			fileType = wrapper.cfbundle;
			path = LibTestTests.xctest;
			remoteRef = B10DB0A818E4741D00CAA263 /* PBXContainerItemProxy */;
			sourceTree = BUILT_PRODUCTS_DIR;
		};
/* End PBXReferenceProxy section */

/* Begin PBXSourcesBuildPhase section */
		B141CD9B18E35AB3001C7676 /* Sources */ = {
			isa = PBXSourcesBuildPhase;
			buildActionMask = 2147483647;
			files = (
				B141CDA718E35B77001C7676 /* main.c in Sources */,
			);
			runOnlyForDeploymentPostprocessing = 0;
		};
/* End PBXSourcesBuildPhase section */

/* Begin XCBuildConfiguration section */
		B141CDA118E35AB3001C7676 /* Debug */ = {
			isa = XCBuildConfiguration;
			buildSettings = {
				ALWAYS_SEARCH_USER_PATHS = NO;
				CLANG_CXX_LANGUAGE_STANDARD = "gnu++0x";
				CLANG_CXX_LIBRARY = "libc++";
				CLANG_ENABLE_MODULES = YES;
				CLANG_ENABLE_OBJC_ARC = YES;
				CLANG_WARN_BOOL_CONVERSION = YES;
				CLANG_WARN_CONSTANT_CONVERSION = YES;
				CLANG_WARN_DIRECT_OBJC_ISA_USAGE = YES_ERROR;
				CLANG_WARN_EMPTY_BODY = YES;
				CLANG_WARN_ENUM_CONVERSION = YES;
				CLANG_WARN_INFINITE_RECURSION = YES;
				CLANG_WARN_INT_CONVERSION = YES;
				CLANG_WARN_OBJC_ROOT_CLASS = YES_ERROR;
				CLANG_WARN_SUSPICIOUS_MOVE = YES;
				CLANG_WARN_UNREACHABLE_CODE = YES;
				CLANG_WARN__DUPLICATE_METHOD_MATCH = YES;
				COPY_PHASE_STRIP = NO;
				ENABLE_STRICT_OBJC_MSGSEND = YES;
				ENABLE_TESTABILITY = YES;
				GCC_C_LANGUAGE_STANDARD = gnu99;
				GCC_DYNAMIC_NO_PIC = NO;
				GCC_ENABLE_OBJC_EXCEPTIONS = YES;
				GCC_NO_COMMON_BLOCKS = YES;
				GCC_OPTIMIZATION_LEVEL = 0;
				GCC_PREPROCESSOR_DEFINITIONS = (
					"DEBUG=1",
					"$(inherited)",
				);
				GCC_SYMBOLS_PRIVATE_EXTERN = NO;
				GCC_WARN_64_TO_32_BIT_CONVERSION = YES;
				GCC_WARN_ABOUT_RETURN_TYPE = YES_ERROR;
				GCC_WARN_UNDECLARED_SELECTOR = YES;
				GCC_WARN_UNINITIALIZED_AUTOS = YES_AGGRESSIVE;
				GCC_WARN_UNUSED_FUNCTION = YES;
				GCC_WARN_UNUSED_VARIABLE = YES;
				MACOSX_DEPLOYMENT_TARGET = 10.7;
				ONLY_ACTIVE_ARCH = YES;
				SDKROOT = macosx;
			};
			name = Debug;
		};
		B141CDA218E35AB3001C7676 /* Release */ = {
			isa = XCBuildConfiguration;
			buildSettings = {
				ALWAYS_SEARCH_USER_PATHS = NO;
				CLANG_CXX_LANGUAGE_STANDARD = "gnu++0x";
				CLANG_CXX_LIBRARY = "libc++";
				CLANG_ENABLE_MODULES = YES;
				CLANG_ENABLE_OBJC_ARC = YES;
				CLANG_WARN_BOOL_CONVERSION = YES;
				CLANG_WARN_CONSTANT_CONVERSION = YES;
				CLANG_WARN_DIRECT_OBJC_ISA_USAGE = YES_ERROR;
				CLANG_WARN_EMPTY_BODY = YES;
				CLANG_WARN_ENUM_CONVERSION = YES;
				CLANG_WARN_INFINITE_RECURSION = YES;
				CLANG_WARN_INT_CONVERSION = YES;
				CLANG_WARN_OBJC_ROOT_CLASS = YES_ERROR;
				CLANG_WARN_SUSPICIOUS_MOVE = YES;
				CLANG_WARN_UNREACHABLE_CODE = YES;
				CLANG_WARN__DUPLICATE_METHOD_MATCH = YES;
				COPY_PHASE_STRIP = YES;
				DEBUG_INFORMATION_FORMAT = "dwarf-with-dsym";
				ENABLE_NS_ASSERTIONS = NO;
				ENABLE_STRICT_OBJC_MSGSEND = YES;
				GCC_C_LANGUAGE_STANDARD = gnu99;
				GCC_ENABLE_OBJC_EXCEPTIONS = YES;
				GCC_NO_COMMON_BLOCKS = YES;
				GCC_WARN_64_TO_32_BIT_CONVERSION = YES;
				GCC_WARN_ABOUT_RETURN_TYPE = YES_ERROR;
				GCC_WARN_UNDECLARED_SELECTOR = YES;
				GCC_WARN_UNINITIALIZED_AUTOS = YES_AGGRESSIVE;
				GCC_WARN_UNUSED_FUNCTION = YES;
				GCC_WARN_UNUSED_VARIABLE = YES;
				MACOSX_DEPLOYMENT_TARGET = 10.7;
				SDKROOT = macosx;
			};
			name = Release;
		};
		B141CDA418E35AB3001C7676 /* Debug */ = {
			isa = XCBuildConfiguration;
			buildSettings = {
				EXECUTABLE_PREFIX = lib;
				MACOSX_DEPLOYMENT_TARGET = 10.7;
				ONLY_ACTIVE_ARCH = NO;
				PRODUCT_NAME = "$(TARGET_NAME)";
			};
			name = Debug;
		};
		B141CDA518E35AB3001C7676 /* Release */ = {
			isa = XCBuildConfiguration;
			buildSettings = {
				EXECUTABLE_PREFIX = lib;
				MACOSX_DEPLOYMENT_TARGET = 10.7;
				PRODUCT_NAME = "$(TARGET_NAME)";
			};
			name = Release;
		};
/* End XCBuildConfiguration section */

/* Begin XCConfigurationList section */
		B141CD9A18E35AB3001C7676 /* Build configuration list for PBXProject "processmemoryapi" */ = {
			isa = XCConfigurationList;
			buildConfigurations = (
				B141CDA118E35AB3001C7676 /* Debug */,
				B141CDA218E35AB3001C7676 /* Release */,
			);
			defaultConfigurationIsVisible = 0;
			defaultConfigurationName = Release;
		};
		B141CDA318E35AB3001C7676 /* Build configuration list for PBXNativeTarget "processmemoryapi" */ = {
			isa = XCConfigurationList;
			buildConfigurations = (
				B141CDA418E35AB3001C7676 /* Debug */,
				B141CDA518E35AB3001C7676 /* Release */,
			);
			defaultConfigurationIsVisible = 0;
			defaultConfigurationName = Release;
		};
/* End XCConfigurationList section */
	};
	rootObject = B141CD9718E35AB3001C7676 /* Project object */;
}
